// !$*UTF8*$!
{
	archiveVersion = 1;
	classes = {
	};
	objectVersion = 56;
	objects = {

/* Begin PBXBuildFile section */
		A73470FD2C0D62ED002B3CB6 /* PureTimeApp.swift in Sources */ = {isa = PBXBuildFile; fileRef = A73470FC2C0D62ED002B3CB6 /* PureTimeApp.swift */; };
		A73470FF2C0D62ED002B3CB6 /* ContentView.swift in Sources */ = {isa = PBXBuildFile; fileRef = A73470FE2C0D62ED002B3CB6 /* ContentView.swift */; };
		A73471012C0D62EE002B3CB6 /* Assets.xcassets in Resources */ = {isa = PBXBuildFile; fileRef = A73471002C0D62EE002B3CB6 /* Assets.xcassets */; };
		A73471042C0D62EE002B3CB6 /* Preview Assets.xcassets in Resources */ = {isa = PBXBuildFile; fileRef = A73471032C0D62EE002B3CB6 /* Preview Assets.xcassets */; };
		A734710E2C0D62EF002B3CB6 /* PureTimeTests.swift in Sources */ = {isa = PBXBuildFile; fileRef = A734710D2C0D62EF002B3CB6 /* PureTimeTests.swift */; };
		A73471282C0D673D002B3CB6 /* TimerViewModel.swift in Sources */ = {isa = PBXBuildFile; fileRef = A73471272C0D673D002B3CB6 /* TimerViewModel.swift */; };
		A734712B2C0D69E9002B3CB6 /* Nimble in Frameworks */ = {isa = PBXBuildFile; productRef = A734712A2C0D69E9002B3CB6 /* Nimble */; };
/* End PBXBuildFile section */

/* Begin PBXContainerItemProxy section */
		A734710A2C0D62EF002B3CB6 /* PBXContainerItemProxy */ = {
			isa = PBXContainerItemProxy;
			containerPortal = A73470F12C0D62ED002B3CB6 /* Project object */;
			proxyType = 1;
			remoteGlobalIDString = A73470F82C0D62ED002B3CB6;
			remoteInfo = PureTime;
		};
/* End PBXContainerItemProxy section */

/* Begin PBXFileReference section */
		A73470F92C0D62ED002B3CB6 /* PureTime.app */ = {isa = PBXFileReference; explicitFileType = wrapper.application; includeInIndex = 0; path = PureTime.app; sourceTree = BUILT_PRODUCTS_DIR; };
		A73470FC2C0D62ED002B3CB6 /* PureTimeApp.swift */ = {isa = PBXFileReference; lastKnownFileType = sourcecode.swift; path = PureTimeApp.swift; sourceTree = "<group>"; };
		A73470FE2C0D62ED002B3CB6 /* ContentView.swift */ = {isa = PBXFileReference; lastKnownFileType = sourcecode.swift; path = ContentView.swift; sourceTree = "<group>"; };
		A73471002C0D62EE002B3CB6 /* Assets.xcassets */ = {isa = PBXFileReference; lastKnownFileType = folder.assetcatalog; path = Assets.xcassets; sourceTree = "<group>"; };
		A73471032C0D62EE002B3CB6 /* Preview Assets.xcassets */ = {isa = PBXFileReference; lastKnownFileType = folder.assetcatalog; path = "Preview Assets.xcassets"; sourceTree = "<group>"; };
		A73471092C0D62EF002B3CB6 /* PureTimeTests.xctest */ = {isa = PBXFileReference; explicitFileType = wrapper.cfbundle; includeInIndex = 0; path = PureTimeTests.xctest; sourceTree = BUILT_PRODUCTS_DIR; };
		A734710D2C0D62EF002B3CB6 /* PureTimeTests.swift */ = {isa = PBXFileReference; lastKnownFileType = sourcecode.swift; path = PureTimeTests.swift; sourceTree = "<group>"; };
		A73471272C0D673D002B3CB6 /* TimerViewModel.swift */ = {isa = PBXFileReference; lastKnownFileType = sourcecode.swift; path = TimerViewModel.swift; sourceTree = "<group>"; };
/* End PBXFileReference section */

/* Begin PBXFrameworksBuildPhase section */
		A73470F62C0D62ED002B3CB6 /* Frameworks */ = {
			isa = PBXFrameworksBuildPhase;
			buildActionMask = 2147483647;
			files = (
			);
			runOnlyForDeploymentPostprocessing = 0;
		};
		A73471062C0D62EF002B3CB6 /* Frameworks */ = {
			isa = PBXFrameworksBuildPhase;
			buildActionMask = 2147483647;
			files = (
				A734712B2C0D69E9002B3CB6 /* Nimble in Frameworks */,
			);
			runOnlyForDeploymentPostprocessing = 0;
		};
/* End PBXFrameworksBuildPhase section */

/* Begin PBXGroup section */
		A73470F02C0D62ED002B3CB6 = {
			isa = PBXGroup;
			children = (
				A73470FB2C0D62ED002B3CB6 /* PureTime */,
				A734710C2C0D62EF002B3CB6 /* PureTimeTests */,
				A73470FA2C0D62ED002B3CB6 /* Products */,
			);
			sourceTree = "<group>";
		};
		A73470FA2C0D62ED002B3CB6 /* Products */ = {
			isa = PBXGroup;
			children = (
				A73470F92C0D62ED002B3CB6 /* PureTime.app */,
				A73471092C0D62EF002B3CB6 /* PureTimeTests.xctest */,
			);
			name = Products;
			sourceTree = "<group>";
		};
		A73470FB2C0D62ED002B3CB6 /* PureTime */ = {
			isa = PBXGroup;
			children = (
				A73471262C0D6730002B3CB6 /* ViewModel */,
				A73470FC2C0D62ED002B3CB6 /* PureTimeApp.swift */,
				A73470FE2C0D62ED002B3CB6 /* ContentView.swift */,
				A73471002C0D62EE002B3CB6 /* Assets.xcassets */,
				A73471022C0D62EE002B3CB6 /* Preview Content */,
			);
			path = PureTime;
			sourceTree = "<group>";
		};
		A73471022C0D62EE002B3CB6 /* Preview Content */ = {
			isa = PBXGroup;
			children = (
				A73471032C0D62EE002B3CB6 /* Preview Assets.xcassets */,
			);
			path = "Preview Content";
			sourceTree = "<group>";
		};
		A734710C2C0D62EF002B3CB6 /* PureTimeTests */ = {
			isa = PBXGroup;
			children = (
				A734710D2C0D62EF002B3CB6 /* PureTimeTests.swift */,
			);
			path = PureTimeTests;
			sourceTree = "<group>";
		};
		A73471262C0D6730002B3CB6 /* ViewModel */ = {
			isa = PBXGroup;
			children = (
				A73471272C0D673D002B3CB6 /* TimerViewModel.swift */,
			);
			path = ViewModel;
			sourceTree = "<group>";
		};
/* End PBXGroup section */

/* Begin PBXNativeTarget section */
		A73470F82C0D62ED002B3CB6 /* PureTime */ = {
			isa = PBXNativeTarget;
			buildConfigurationList = A734711D2C0D62EF002B3CB6 /* Build configuration list for PBXNativeTarget "PureTime" */;
			buildPhases = (
				A73470F52C0D62ED002B3CB6 /* Sources */,
				A73470F62C0D62ED002B3CB6 /* Frameworks */,
				A73470F72C0D62ED002B3CB6 /* Resources */,
			);
			buildRules = (
			);
			dependencies = (
			);
			name = PureTime;
			productName = PureTime;
			productReference = A73470F92C0D62ED002B3CB6 /* PureTime.app */;
			productType = "com.apple.product-type.application";
		};
		A73471082C0D62EF002B3CB6 /* PureTimeTests */ = {
			isa = PBXNativeTarget;
			buildConfigurationList = A73471202C0D62EF002B3CB6 /* Build configuration list for PBXNativeTarget "PureTimeTests" */;
			buildPhases = (
				A73471052C0D62EF002B3CB6 /* Sources */,
				A73471062C0D62EF002B3CB6 /* Frameworks */,
				A73471072C0D62EF002B3CB6 /* Resources */,
			);
			buildRules = (
			);
			dependencies = (
				A734710B2C0D62EF002B3CB6 /* PBXTargetDependency */,
			);
			name = PureTimeTests;
			packageProductDependencies = (
				A734712A2C0D69E9002B3CB6 /* Nimble */,
			);
			productName = PureTimeTests;
			productReference = A73471092C0D62EF002B3CB6 /* PureTimeTests.xctest */;
			productType = "com.apple.product-type.bundle.unit-test";
		};
/* End PBXNativeTarget section */

/* Begin PBXProject section */
		A73470F12C0D62ED002B3CB6 /* Project object */ = {
			isa = PBXProject;
			attributes = {
				BuildIndependentTargetsInParallel = 1;
				LastSwiftUpdateCheck = 1530;
				LastUpgradeCheck = 1530;
				TargetAttributes = {
					A73470F82C0D62ED002B3CB6 = {
						CreatedOnToolsVersion = 15.3;
					};
					A73471082C0D62EF002B3CB6 = {
						CreatedOnToolsVersion = 15.3;
						TestTargetID = A73470F82C0D62ED002B3CB6;
					};
				};
			};
			buildConfigurationList = A73470F42C0D62ED002B3CB6 /* Build configuration list for PBXProject "PureTime" */;
			compatibilityVersion = "Xcode 14.0";
			developmentRegion = en;
			hasScannedForEncodings = 0;
			knownRegions = (
				en,
				Base,
			);
			mainGroup = A73470F02C0D62ED002B3CB6;
			packageReferences = (
				A73471292C0D69E9002B3CB6 /* XCRemoteSwiftPackageReference "Nimble" */,
			);
			productRefGroup = A73470FA2C0D62ED002B3CB6 /* Products */;
			projectDirPath = "";
			projectRoot = "";
			targets = (
				A73470F82C0D62ED002B3CB6 /* PureTime */,
				A73471082C0D62EF002B3CB6 /* PureTimeTests */,
			);
		};
/* End PBXProject section */

/* Begin PBXResourcesBuildPhase section */
		A73470F72C0D62ED002B3CB6 /* Resources */ = {
			isa = PBXResourcesBuildPhase;
			buildActionMask = 2147483647;
			files = (
				A73471042C0D62EE002B3CB6 /* Preview Assets.xcassets in Resources */,
				A73471012C0D62EE002B3CB6 /* Assets.xcassets in Resources */,
			);
			runOnlyForDeploymentPostprocessing = 0;
		};
		A73471072C0D62EF002B3CB6 /* Resources */ = {
			isa = PBXResourcesBuildPhase;
			buildActionMask = 2147483647;
			files = (
			);
			runOnlyForDeploymentPostprocessing = 0;
		};
/* End PBXResourcesBuildPhase section */

/* Begin PBXSourcesBuildPhase section */
		A73470F52C0D62ED002B3CB6 /* Sources */ = {
			isa = PBXSourcesBuildPhase;
			buildActionMask = 2147483647;
			files = (
				A73470FF2C0D62ED002B3CB6 /* ContentView.swift in Sources */,
				A73471282C0D673D002B3CB6 /* TimerViewModel.swift in Sources */,
				A73470FD2C0D62ED002B3CB6 /* PureTimeApp.swift in Sources */,
			);
			runOnlyForDeploymentPostprocessing = 0;
		};
		A73471052C0D62EF002B3CB6 /* Sources */ = {
			isa = PBXSourcesBuildPhase;
			buildActionMask = 2147483647;
			files = (
				A734710E2C0D62EF002B3CB6 /* PureTimeTests.swift in Sources */,
			);
			runOnlyForDeploymentPostprocessing = 0;
		};
/* End PBXSourcesBuildPhase section */

/* Begin PBXTargetDependency section */
		A734710B2C0D62EF002B3CB6 /* PBXTargetDependency */ = {
			isa = PBXTargetDependency;
			target = A73470F82C0D62ED002B3CB6 /* PureTime */;
			targetProxy = A734710A2C0D62EF002B3CB6 /* PBXContainerItemProxy */;
		};
/* End PBXTargetDependency section */

/* Begin XCBuildConfiguration section */
		A734711B2C0D62EF002B3CB6 /* Debug */ = {
			isa = XCBuildConfiguration;
			buildSettings = {
				ALWAYS_SEARCH_USER_PATHS = NO;
				ASSETCATALOG_COMPILER_GENERATE_SWIFT_ASSET_SYMBOL_EXTENSIONS = YES;
				CLANG_ANALYZER_NONNULL = YES;
				CLANG_ANALYZER_NUMBER_OBJECT_CONVERSION = YES_AGGRESSIVE;
				CLANG_CXX_LANGUAGE_STANDARD = "gnu++20";
				CLANG_ENABLE_MODULES = YES;
				CLANG_ENABLE_OBJC_ARC = YES;
				CLANG_ENABLE_OBJC_WEAK = YES;
				CLANG_WARN_BLOCK_CAPTURE_AUTORELEASING = YES;
				CLANG_WARN_BOOL_CONVERSION = YES;
				CLANG_WARN_COMMA = YES;
				CLANG_WARN_CONSTANT_CONVERSION = YES;
				CLANG_WARN_DEPRECATED_OBJC_IMPLEMENTATIONS = YES;
				CLANG_WARN_DIRECT_OBJC_ISA_USAGE = YES_ERROR;
				CLANG_WARN_DOCUMENTATION_COMMENTS = YES;
				CLANG_WARN_EMPTY_BODY = YES;
				CLANG_WARN_ENUM_CONVERSION = YES;
				CLANG_WARN_INFINITE_RECURSION = YES;
				CLANG_WARN_INT_CONVERSION = YES;
				CLANG_WARN_NON_LITERAL_NULL_CONVERSION = YES;
				CLANG_WARN_OBJC_IMPLICIT_RETAIN_SELF = YES;
				CLANG_WARN_OBJC_LITERAL_CONVERSION = YES;
				CLANG_WARN_OBJC_ROOT_CLASS = YES_ERROR;
				CLANG_WARN_QUOTED_INCLUDE_IN_FRAMEWORK_HEADER = YES;
				CLANG_WARN_RANGE_LOOP_ANALYSIS = YES;
				CLANG_WARN_STRICT_PROTOTYPES = YES;
				CLANG_WARN_SUSPICIOUS_MOVE = YES;
				CLANG_WARN_UNGUARDED_AVAILABILITY = YES_AGGRESSIVE;
				CLANG_WARN_UNREACHABLE_CODE = YES;
				CLANG_WARN__DUPLICATE_METHOD_MATCH = YES;
				COPY_PHASE_STRIP = NO;
				DEBUG_INFORMATION_FORMAT = dwarf;
				ENABLE_STRICT_OBJC_MSGSEND = YES;
				ENABLE_TESTABILITY = YES;
				ENABLE_USER_SCRIPT_SANDBOXING = YES;
				GCC_C_LANGUAGE_STANDARD = gnu17;
				GCC_DYNAMIC_NO_PIC = NO;
				GCC_NO_COMMON_BLOCKS = YES;
				GCC_OPTIMIZATION_LEVEL = 0;
				GCC_PREPROCESSOR_DEFINITIONS = (
					"DEBUG=1",
					"$(inherited)",
				);
				GCC_WARN_64_TO_32_BIT_CONVERSION = YES;
				GCC_WARN_ABOUT_RETURN_TYPE = YES_ERROR;
				GCC_WARN_UNDECLARED_SELECTOR = YES;
				GCC_WARN_UNINITIALIZED_AUTOS = YES_AGGRESSIVE;
				GCC_WARN_UNUSED_FUNCTION = YES;
				GCC_WARN_UNUSED_VARIABLE = YES;
				IPHONEOS_DEPLOYMENT_TARGET = 17.4;
				LOCALIZATION_PREFERS_STRING_CATALOGS = YES;
				MTL_ENABLE_DEBUG_INFO = INCLUDE_SOURCE;
				MTL_FAST_MATH = YES;
				ONLY_ACTIVE_ARCH = YES;
				SDKROOT = iphoneos;
				SWIFT_ACTIVE_COMPILATION_CONDITIONS = "DEBUG $(inherited)";
				SWIFT_OPTIMIZATION_LEVEL = "-Onone";
			};
			name = Debug;
		};
		A734711C2C0D62EF002B3CB6 /* Release */ = {
			isa = XCBuildConfiguration;
			buildSettings = {
				ALWAYS_SEARCH_USER_PATHS = NO;
				ASSETCATALOG_COMPILER_GENERATE_SWIFT_ASSET_SYMBOL_EXTENSIONS = YES;
				CLANG_ANALYZER_NONNULL = YES;
				CLANG_ANALYZER_NUMBER_OBJECT_CONVERSION = YES_AGGRESSIVE;
				CLANG_CXX_LANGUAGE_STANDARD = "gnu++20";
				CLANG_ENABLE_MODULES = YES;
				CLANG_ENABLE_OBJC_ARC = YES;
				CLANG_ENABLE_OBJC_WEAK = YES;
				CLANG_WARN_BLOCK_CAPTURE_AUTORELEASING = YES;
				CLANG_WARN_BOOL_CONVERSION = YES;
				CLANG_WARN_COMMA = YES;
				CLANG_WARN_CONSTANT_CONVERSION = YES;
				CLANG_WARN_DEPRECATED_OBJC_IMPLEMENTATIONS = YES;
				CLANG_WARN_DIRECT_OBJC_ISA_USAGE = YES_ERROR;
				CLANG_WARN_DOCUMENTATION_COMMENTS = YES;
				CLANG_WARN_EMPTY_BODY = YES;
				CLANG_WARN_ENUM_CONVERSION = YES;
				CLANG_WARN_INFINITE_RECURSION = YES;
				CLANG_WARN_INT_CONVERSION = YES;
				CLANG_WARN_NON_LITERAL_NULL_CONVERSION = YES;
				CLANG_WARN_OBJC_IMPLICIT_RETAIN_SELF = YES;
				CLANG_WARN_OBJC_LITERAL_CONVERSION = YES;
				CLANG_WARN_OBJC_ROOT_CLASS = YES_ERROR;
				CLANG_WARN_QUOTED_INCLUDE_IN_FRAMEWORK_HEADER = YES;
				CLANG_WARN_RANGE_LOOP_ANALYSIS = YES;
				CLANG_WARN_STRICT_PROTOTYPES = YES;
				CLANG_WARN_SUSPICIOUS_MOVE = YES;
				CLANG_WARN_UNGUARDED_AVAILABILITY = YES_AGGRESSIVE;
				CLANG_WARN_UNREACHABLE_CODE = YES;
				CLANG_WARN__DUPLICATE_METHOD_MATCH = YES;
				COPY_PHASE_STRIP = NO;
				DEBUG_INFORMATION_FORMAT = "dwarf-with-dsym";
				ENABLE_NS_ASSERTIONS = NO;
				ENABLE_STRICT_OBJC_MSGSEND = YES;
				ENABLE_USER_SCRIPT_SANDBOXING = YES;
				GCC_C_LANGUAGE_STANDARD = gnu17;
				GCC_NO_COMMON_BLOCKS = YES;
				GCC_WARN_64_TO_32_BIT_CONVERSION = YES;
				GCC_WARN_ABOUT_RETURN_TYPE = YES_ERROR;
				GCC_WARN_UNDECLARED_SELECTOR = YES;
				GCC_WARN_UNINITIALIZED_AUTOS = YES_AGGRESSIVE;
				GCC_WARN_UNUSED_FUNCTION = YES;
				GCC_WARN_UNUSED_VARIABLE = YES;
				IPHONEOS_DEPLOYMENT_TARGET = 17.4;
				LOCALIZATION_PREFERS_STRING_CATALOGS = YES;
				MTL_ENABLE_DEBUG_INFO = NO;
				MTL_FAST_MATH = YES;
				SDKROOT = iphoneos;
				SWIFT_COMPILATION_MODE = wholemodule;
				VALIDATE_PRODUCT = YES;
			};
			name = Release;
		};
		A734711E2C0D62EF002B3CB6 /* Debug */ = {
			isa = XCBuildConfiguration;
			buildSettings = {
				ASSETCATALOG_COMPILER_APPICON_NAME = AppIcon;
				ASSETCATALOG_COMPILER_GLOBAL_ACCENT_COLOR_NAME = AccentColor;
				CODE_SIGN_STYLE = Automatic;
				CURRENT_PROJECT_VERSION = 1;
				DEVELOPMENT_ASSET_PATHS = "\"PureTime/Preview Content\"";
				DEVELOPMENT_TEAM = JYANFLU7NT;
				ENABLE_PREVIEWS = YES;
				GENERATE_INFOPLIST_FILE = YES;
				INFOPLIST_KEY_UIApplicationSceneManifest_Generation = YES;
				INFOPLIST_KEY_UIApplicationSupportsIndirectInputEvents = YES;
				INFOPLIST_KEY_UILaunchScreen_Generation = YES;
				INFOPLIST_KEY_UISupportedInterfaceOrientations_iPad = "UIInterfaceOrientationPortrait UIInterfaceOrientationPortraitUpsideDown UIInterfaceOrientationLandscapeLeft UIInterfaceOrientationLandscapeRight";
				INFOPLIST_KEY_UISupportedInterfaceOrientations_iPhone = "UIInterfaceOrientationPortrait UIInterfaceOrientationLandscapeLeft UIInterfaceOrientationLandscapeRight";
				LD_RUNPATH_SEARCH_PATHS = (
					"$(inherited)",
					"@executable_path/Frameworks",
				);
				MARKETING_VERSION = 1.0;
				PRODUCT_BUNDLE_IDENTIFIER = com.onato.PureTime;
				PRODUCT_NAME = "$(TARGET_NAME)";
				SWIFT_EMIT_LOC_STRINGS = YES;
				SWIFT_VERSION = 5.0;
				TARGETED_DEVICE_FAMILY = "1,2";
			};
			name = Debug;
		};
		A734711F2C0D62EF002B3CB6 /* Release */ = {
			isa = XCBuildConfiguration;
			buildSettings = {
				ASSETCATALOG_COMPILER_APPICON_NAME = AppIcon;
				ASSETCATALOG_COMPILER_GLOBAL_ACCENT_COLOR_NAME = AccentColor;
				CODE_SIGN_STYLE = Automatic;
				CURRENT_PROJECT_VERSION = 1;
				DEVELOPMENT_ASSET_PATHS = "\"PureTime/Preview Content\"";
				DEVELOPMENT_TEAM = JYANFLU7NT;
				ENABLE_PREVIEWS = YES;
				GENERATE_INFOPLIST_FILE = YES;
				INFOPLIST_KEY_UIApplicationSceneManifest_Generation = YES;
				INFOPLIST_KEY_UIApplicationSupportsIndirectInputEvents = YES;
				INFOPLIST_KEY_UILaunchScreen_Generation = YES;
				INFOPLIST_KEY_UISupportedInterfaceOrientations_iPad = "UIInterfaceOrientationPortrait UIInterfaceOrientationPortraitUpsideDown UIInterfaceOrientationLandscapeLeft UIInterfaceOrientationLandscapeRight";
				INFOPLIST_KEY_UISupportedInterfaceOrientations_iPhone = "UIInterfaceOrientationPortrait UIInterfaceOrientationLandscapeLeft UIInterfaceOrientationLandscapeRight";
				LD_RUNPATH_SEARCH_PATHS = (
					"$(inherited)",
					"@executable_path/Frameworks",
				);
				MARKETING_VERSION = 1.0;
				PRODUCT_BUNDLE_IDENTIFIER = com.onato.PureTime;
				PRODUCT_NAME = "$(TARGET_NAME)";
				SWIFT_EMIT_LOC_STRINGS = YES;
				SWIFT_VERSION = 5.0;
				TARGETED_DEVICE_FAMILY = "1,2";
			};
			name = Release;
		};
		A73471212C0D62EF002B3CB6 /* Debug */ = {
			isa = XCBuildConfiguration;
			buildSettings = {
				ALWAYS_EMBED_SWIFT_STANDARD_LIBRARIES = YES;
				BUNDLE_LOADER = "$(TEST_HOST)";
				CODE_SIGN_STYLE = Automatic;
				CURRENT_PROJECT_VERSION = 1;
				DEVELOPMENT_TEAM = JYANFLU7NT;
				GENERATE_INFOPLIST_FILE = YES;
				IPHONEOS_DEPLOYMENT_TARGET = 17.4;
				MARKETING_VERSION = 1.0;
				PRODUCT_BUNDLE_IDENTIFIER = com.onato.PureTimeTests;
				PRODUCT_NAME = "$(TARGET_NAME)";
				SWIFT_EMIT_LOC_STRINGS = NO;
				SWIFT_VERSION = 5.0;
				TARGETED_DEVICE_FAMILY = "1,2";
				TEST_HOST = "$(BUILT_PRODUCTS_DIR)/PureTime.app/$(BUNDLE_EXECUTABLE_FOLDER_PATH)/PureTime";
			};
			name = Debug;
		};
		A73471222C0D62EF002B3CB6 /* Release */ = {
			isa = XCBuildConfiguration;
			buildSettings = {
				ALWAYS_EMBED_SWIFT_STANDARD_LIBRARIES = YES;
				BUNDLE_LOADER = "$(TEST_HOST)";
				CODE_SIGN_STYLE = Automatic;
				CURRENT_PROJECT_VERSION = 1;
				DEVELOPMENT_TEAM = JYANFLU7NT;
				GENERATE_INFOPLIST_FILE = YES;
				IPHONEOS_DEPLOYMENT_TARGET = 17.4;
				MARKETING_VERSION = 1.0;
				PRODUCT_BUNDLE_IDENTIFIER = com.onato.PureTimeTests;
				PRODUCT_NAME = "$(TARGET_NAME)";
				SWIFT_EMIT_LOC_STRINGS = NO;
				SWIFT_VERSION = 5.0;
				TARGETED_DEVICE_FAMILY = "1,2";
				TEST_HOST = "$(BUILT_PRODUCTS_DIR)/PureTime.app/$(BUNDLE_EXECUTABLE_FOLDER_PATH)/PureTime";
			};
			name = Release;
		};
/* End XCBuildConfiguration section */

/* Begin XCConfigurationList section */
		A73470F42C0D62ED002B3CB6 /* Build configuration list for PBXProject "PureTime" */ = {
			isa = XCConfigurationList;
			buildConfigurations = (
				A734711B2C0D62EF002B3CB6 /* Debug */,
				A734711C2C0D62EF002B3CB6 /* Release */,
			);
			defaultConfigurationIsVisible = 0;
			defaultConfigurationName = Release;
		};
		A734711D2C0D62EF002B3CB6 /* Build configuration list for PBXNativeTarget "PureTime" */ = {
			isa = XCConfigurationList;
			buildConfigurations = (
				A734711E2C0D62EF002B3CB6 /* Debug */,
				A734711F2C0D62EF002B3CB6 /* Release */,
			);
			defaultConfigurationIsVisible = 0;
			defaultConfigurationName = Release;
		};
		A73471202C0D62EF002B3CB6 /* Build configuration list for PBXNativeTarget "PureTimeTests" */ = {
			isa = XCConfigurationList;
			buildConfigurations = (
				A73471212C0D62EF002B3CB6 /* Debug */,
				A73471222C0D62EF002B3CB6 /* Release */,
			);
			defaultConfigurationIsVisible = 0;
			defaultConfigurationName = Release;
		};
/* End XCConfigurationList section */

/* Begin XCRemoteSwiftPackageReference section */
		A73471292C0D69E9002B3CB6 /* XCRemoteSwiftPackageReference "Nimble" */ = {
			isa = XCRemoteSwiftPackageReference;
			repositoryURL = "https://github.com/Quick/Nimble.git";
			requirement = {
				branch = main;
				kind = branch;
			};
		};
/* End XCRemoteSwiftPackageReference section */

/* Begin XCSwiftPackageProductDependency section */
		A734712A2C0D69E9002B3CB6 /* Nimble */ = {
			isa = XCSwiftPackageProductDependency;
			package = A73471292C0D69E9002B3CB6 /* XCRemoteSwiftPackageReference "Nimble" */;
			productName = Nimble;
		};
/* End XCSwiftPackageProductDependency section */
	};
	rootObject = A73470F12C0D62ED002B3CB6 /* Project object */;
}
